Microsoft Visual Studio Solution File, Format Version 12.00
# Visual Studio Version 17
VisualStudioVersion = 17.8.34601.278
MinimumVisualStudioVersion = 10.0.40219.1
Project("{FAE04EC0-301F-11D3-BF4B-00C04F79EFBC}") = "Autheriz_Project", "Autheriz_Project\Autheriz_Project.csproj", "{D0A173A1-6C47-4119-9B89-08F00D8652FC}"
EndProject
Global
	GlobalSection(SolutionConfigurationPlatforms) = preSolution
		Debug|Any CPU = Debug|Any CPU
		Release|Any CPU = Release|Any CPU
	EndGlobalSection
	GlobalSection(ProjectConfigurationPlatforms) = postSolution
		{D0A173A1-6C47-4119-9B89-08F00D8652FC}.Debug|Any CPU.ActiveCfg = Debug|Any CPU
		{D0A173A1-6C47-4119-9B89-08F00D8652FC}.Debug|Any CPU.Build.0 = Debug|Any CPU
		{D0A173A1-6C47-4119-9B89-08F00D8652FC}.Release|Any CPU.ActiveCfg = Release|Any CPU
		{D0A173A1-6C47-4119-9B89-08F00D8652FC}.Release|Any CPU.Build.0 = Release|Any CPU
	EndGlobalSection
	GlobalSection(SolutionProperties) = preSolution
		HideSolutionNode = FALSE
	EndGlobalSection
	GlobalSection(ExtensibilityGlobals) = postSolution
		SolutionGuid = {47BDFD35-E159-4CBA-830D-F2BE427BB63B}
	EndGlobalSection
EndGlobal
